// !$*UTF8*$!
{
	archiveVersion = 1;
	classes = {
	};
	objectVersion = 46;
	objects = {

/* Begin PBXBuildFile section */
		22B710111F87FC1A00C5AE45 /* AppDelegate.swift in Sources */ = {isa = PBXBuildFile; fileRef = 22B710101F87FC1A00C5AE45 /* AppDelegate.swift */; };
		22B710131F87FC1A00C5AE45 /* ViewController.swift in Sources */ = {isa = PBXBuildFile; fileRef = 22B710121F87FC1A00C5AE45 /* ViewController.swift */; };
		22B710161F87FC1A00C5AE45 /* Main.storyboard in Resources */ = {isa = PBXBuildFile; fileRef = 22B710141F87FC1A00C5AE45 /* Main.storyboard */; };
		22B710181F87FC1A00C5AE45 /* Assets.xcassets in Resources */ = {isa = PBXBuildFile; fileRef = 22B710171F87FC1A00C5AE45 /* Assets.xcassets */; };
		22B7101B1F87FC1A00C5AE45 /* LaunchScreen.storyboard in Resources */ = {isa = PBXBuildFile; fileRef = 22B710191F87FC1A00C5AE45 /* LaunchScreen.storyboard */; };
		22B710261F87FC1B00C5AE45 /* twitterTests.swift in Sources */ = {isa = PBXBuildFile; fileRef = 22B710251F87FC1B00C5AE45 /* twitterTests.swift */; };
		22B710311F87FC1B00C5AE45 /* twitterUITests.swift in Sources */ = {isa = PBXBuildFile; fileRef = 22B710301F87FC1B00C5AE45 /* twitterUITests.swift */; };
/* End PBXBuildFile section */

/* Begin PBXContainerItemProxy section */
		22B710221F87FC1B00C5AE45 /* PBXContainerItemProxy */ = {
			isa = PBXContainerItemProxy;
			containerPortal = 22B710051F87FC1900C5AE45 /* Project object */;
			proxyType = 1;
			remoteGlobalIDString = 22B7100C1F87FC1A00C5AE45;
			remoteInfo = twitter;
		};
		22B7102D1F87FC1B00C5AE45 /* PBXContainerItemProxy */ = {
			isa = PBXContainerItemProxy;
			containerPortal = 22B710051F87FC1900C5AE45 /* Project object */;
			proxyType = 1;
			remoteGlobalIDString = 22B7100C1F87FC1A00C5AE45;
			remoteInfo = twitter;
		};
/* End PBXContainerItemProxy section */

/* Begin PBXFileReference section */
		22B7100D1F87FC1A00C5AE45 /* twitter.app */ = {isa = PBXFileReference; explicitFileType = wrapper.application; includeInIndex = 0; path = twitter.app; sourceTree = BUILT_PRODUCTS_DIR; };
		22B710101F87FC1A00C5AE45 /* AppDelegate.swift */ = {isa = PBXFileReference; lastKnownFileType = sourcecode.swift; path = AppDelegate.swift; sourceTree = "<group>"; };
		22B710121F87FC1A00C5AE45 /* ViewController.swift */ = {isa = PBXFileReference; lastKnownFileType = sourcecode.swift; path = ViewController.swift; sourceTree = "<group>"; };
		22B710151F87FC1A00C5AE45 /* Base */ = {isa = PBXFileReference; lastKnownFileType = file.storyboard; name = Base; path = Base.lproj/Main.storyboard; sourceTree = "<group>"; };
		22B710171F87FC1A00C5AE45 /* Assets.xcassets */ = {isa = PBXFileReference; lastKnownFileType = folder.assetcatalog; path = Assets.xcassets; sourceTree = "<group>"; };
		22B7101A1F87FC1A00C5AE45 /* Base */ = {isa = PBXFileReference; lastKnownFileType = file.storyboard; name = Base; path = Base.lproj/LaunchScreen.storyboard; sourceTree = "<group>"; };
		22B7101C1F87FC1A00C5AE45 /* Info.plist */ = {isa = PBXFileReference; lastKnownFileType = text.plist.xml; path = Info.plist; sourceTree = "<group>"; };
		22B710211F87FC1B00C5AE45 /* twitterTests.xctest */ = {isa = PBXFileReference; explicitFileType = wrapper.cfbundle; includeInIndex = 0; path = twitterTests.xctest; sourceTree = BUILT_PRODUCTS_DIR; };
		22B710251F87FC1B00C5AE45 /* twitterTests.swift */ = {isa = PBXFileReference; lastKnownFileType = sourcecode.swift; path = twitterTests.swift; sourceTree = "<group>"; };
		22B710271F87FC1B00C5AE45 /* Info.plist */ = {isa = PBXFileReference; lastKnownFileType = text.plist.xml; path = Info.plist; sourceTree = "<group>"; };
		22B7102C1F87FC1B00C5AE45 /* twitterUITests.xctest */ = {isa = PBXFileReference; explicitFileType = wrapper.cfbundle; includeInIndex = 0; path = twitterUITests.xctest; sourceTree = BUILT_PRODUCTS_DIR; };
		22B710301F87FC1B00C5AE45 /* twitterUITests.swift */ = {isa = PBXFileReference; lastKnownFileType = sourcecode.swift; path = twitterUITests.swift; sourceTree = "<group>"; };
		22B710321F87FC1B00C5AE45 /* Info.plist */ = {isa = PBXFileReference; lastKnownFileType = text.plist.xml; path = Info.plist; sourceTree = "<group>"; };
/* End PBXFileReference section */

/* Begin PBXFrameworksBuildPhase section */
		22B7100A1F87FC1A00C5AE45 /* Frameworks */ = {
			isa = PBXFrameworksBuildPhase;
			buildActionMask = 2147483647;
			files = (
			);
			runOnlyForDeploymentPostprocessing = 0;
		};
		22B7101E1F87FC1B00C5AE45 /* Frameworks */ = {
			isa = PBXFrameworksBuildPhase;
			buildActionMask = 2147483647;
			files = (
			);
			runOnlyForDeploymentPostprocessing = 0;
		};
		22B710291F87FC1B00C5AE45 /* Frameworks */ = {
			isa = PBXFrameworksBuildPhase;
			buildActionMask = 2147483647;
			files = (
			);
			runOnlyForDeploymentPostprocessing = 0;
		};
/* End PBXFrameworksBuildPhase section */

/* Begin PBXGroup section */
		22B710041F87FC1900C5AE45 = {
			isa = PBXGroup;
			children = (
				22B7100F1F87FC1A00C5AE45 /* twitter */,
				22B710241F87FC1B00C5AE45 /* twitterTests */,
				22B7102F1F87FC1B00C5AE45 /* twitterUITests */,
				22B7100E1F87FC1A00C5AE45 /* Products */,
			);
			sourceTree = "<group>";
		};
		22B7100E1F87FC1A00C5AE45 /* Products */ = {
			isa = PBXGroup;
			children = (
				22B7100D1F87FC1A00C5AE45 /* twitter.app */,
				22B710211F87FC1B00C5AE45 /* twitterTests.xctest */,
				22B7102C1F87FC1B00C5AE45 /* twitterUITests.xctest */,
			);
			name = Products;
			sourceTree = "<group>";
		};
		22B7100F1F87FC1A00C5AE45 /* twitter */ = {
			isa = PBXGroup;
			children = (
				22B710101F87FC1A00C5AE45 /* AppDelegate.swift */,
				22B710121F87FC1A00C5AE45 /* ViewController.swift */,
				22B710141F87FC1A00C5AE45 /* Main.storyboard */,
				22B710171F87FC1A00C5AE45 /* Assets.xcassets */,
				22B710191F87FC1A00C5AE45 /* LaunchScreen.storyboard */,
				22B7101C1F87FC1A00C5AE45 /* Info.plist */,
			);
			path = twitter;
			sourceTree = "<group>";
		};
		22B710241F87FC1B00C5AE45 /* twitterTests */ = {
			isa = PBXGroup;
			children = (
				22B710251F87FC1B00C5AE45 /* twitterTests.swift */,
				22B710271F87FC1B00C5AE45 /* Info.plist */,
			);
			path = twitterTests;
			sourceTree = "<group>";
		};
		22B7102F1F87FC1B00C5AE45 /* twitterUITests */ = {
			isa = PBXGroup;
			children = (
				22B710301F87FC1B00C5AE45 /* twitterUITests.swift */,
				22B710321F87FC1B00C5AE45 /* Info.plist */,
			);
			path = twitterUITests;
			sourceTree = "<group>";
		};
/* End PBXGroup section */

/* Begin PBXNativeTarget section */
		22B7100C1F87FC1A00C5AE45 /* twitter */ = {
			isa = PBXNativeTarget;
			buildConfigurationList = 22B710351F87FC1B00C5AE45 /* Build configuration list for PBXNativeTarget "twitter" */;
			buildPhases = (
				22B710091F87FC1A00C5AE45 /* Sources */,
				22B7100A1F87FC1A00C5AE45 /* Frameworks */,
				22B7100B1F87FC1A00C5AE45 /* Resources */,
			);
			buildRules = (
			);
			dependencies = (
			);
			name = twitter;
			productName = twitter;
			productReference = 22B7100D1F87FC1A00C5AE45 /* twitter.app */;
			productType = "com.apple.product-type.application";
		};
		22B710201F87FC1B00C5AE45 /* twitterTests */ = {
			isa = PBXNativeTarget;
			buildConfigurationList = 22B710381F87FC1B00C5AE45 /* Build configuration list for PBXNativeTarget "twitterTests" */;
			buildPhases = (
				22B7101D1F87FC1B00C5AE45 /* Sources */,
				22B7101E1F87FC1B00C5AE45 /* Frameworks */,
				22B7101F1F87FC1B00C5AE45 /* Resources */,
			);
			buildRules = (
			);
			dependencies = (
				22B710231F87FC1B00C5AE45 /* PBXTargetDependency */,
			);
			name = twitterTests;
			productName = twitterTests;
			productReference = 22B710211F87FC1B00C5AE45 /* twitterTests.xctest */;
			productType = "com.apple.product-type.bundle.unit-test";
		};
		22B7102B1F87FC1B00C5AE45 /* twitterUITests */ = {
			isa = PBXNativeTarget;
			buildConfigurationList = 22B7103B1F87FC1B00C5AE45 /* Build configuration list for PBXNativeTarget "twitterUITests" */;
			buildPhases = (
				22B710281F87FC1B00C5AE45 /* Sources */,
				22B710291F87FC1B00C5AE45 /* Frameworks */,
				22B7102A1F87FC1B00C5AE45 /* Resources */,
			);
			buildRules = (
			);
			dependencies = (
				22B7102E1F87FC1B00C5AE45 /* PBXTargetDependency */,
			);
			name = twitterUITests;
			productName = twitterUITests;
			productReference = 22B7102C1F87FC1B00C5AE45 /* twitterUITests.xctest */;
			productType = "com.apple.product-type.bundle.ui-testing";
		};
/* End PBXNativeTarget section */

/* Begin PBXProject section */
		22B710051F87FC1900C5AE45 /* Project object */ = {
			isa = PBXProject;
			attributes = {
				LastSwiftUpdateCheck = 0830;
				LastUpgradeCheck = 0830;
				ORGANIZATIONNAME = "Dev iOS";
				TargetAttributes = {
					22B7100C1F87FC1A00C5AE45 = {
						CreatedOnToolsVersion = 8.3.3;
						ProvisioningStyle = Automatic;
					};
					22B710201F87FC1B00C5AE45 = {
						CreatedOnToolsVersion = 8.3.3;
						ProvisioningStyle = Automatic;
						TestTargetID = 22B7100C1F87FC1A00C5AE45;
					};
					22B7102B1F87FC1B00C5AE45 = {
						CreatedOnToolsVersion = 8.3.3;
						ProvisioningStyle = Automatic;
						TestTargetID = 22B7100C1F87FC1A00C5AE45;
					};
				};
			};
			buildConfigurationList = 22B710081F87FC1900C5AE45 /* Build configuration list for PBXProject "twitter" */;
			compatibilityVersion = "Xcode 3.2";
			developmentRegion = English;
			hasScannedForEncodings = 0;
			knownRegions = (
				en,
				Base,
			);
			mainGroup = 22B710041F87FC1900C5AE45;
			productRefGroup = 22B7100E1F87FC1A00C5AE45 /* Products */;
			projectDirPath = "";
			projectRoot = "";
			targets = (
				22B7100C1F87FC1A00C5AE45 /* twitter */,
				22B710201F87FC1B00C5AE45 /* twitterTests */,
				22B7102B1F87FC1B00C5AE45 /* twitterUITests */,
			);
		};
/* End PBXProject section */

/* Begin PBXResourcesBuildPhase section */
		22B7100B1F87FC1A00C5AE45 /* Resources */ = {
			isa = PBXResourcesBuildPhase;
			buildActionMask = 2147483647;
			files = (
				22B7101B1F87FC1A00C5AE45 /* LaunchScreen.storyboard in Resources */,
				22B710181F87FC1A00C5AE45 /* Assets.xcassets in Resources */,
				22B710161F87FC1A00C5AE45 /* Main.storyboard in Resources */,
			);
			runOnlyForDeploymentPostprocessing = 0;
		};
		22B7101F1F87FC1B00C5AE45 /* Resources */ = {
			isa = PBXResourcesBuildPhase;
			buildActionMask = 2147483647;
			files = (
			);
			runOnlyForDeploymentPostprocessing = 0;
		};
		22B7102A1F87FC1B00C5AE45 /* Resources */ = {
			isa = PBXResourcesBuildPhase;
			buildActionMask = 2147483647;
			files = (
			);
			runOnlyForDeploymentPostprocessing = 0;
		};
/* End PBXResourcesBuildPhase section */

/* Begin PBXSourcesBuildPhase section */
		22B710091F87FC1A00C5AE45 /* Sources */ = {
			isa = PBXSourcesBuildPhase;
			buildActionMask = 2147483647;
			files = (
				22B710131F87FC1A00C5AE45 /* ViewController.swift in Sources */,
				22B710111F87FC1A00C5AE45 /* AppDelegate.swift in Sources */,
			);
			runOnlyForDeploymentPostprocessing = 0;
		};
		22B7101D1F87FC1B00C5AE45 /* Sources */ = {
			isa = PBXSourcesBuildPhase;
			buildActionMask = 2147483647;
			files = (
				22B710261F87FC1B00C5AE45 /* twitterTests.swift in Sources */,
			);
			runOnlyForDeploymentPostprocessing = 0;
		};
		22B710281F87FC1B00C5AE45 /* Sources */ = {
			isa = PBXSourcesBuildPhase;
			buildActionMask = 2147483647;
			files = (
				22B710311F87FC1B00C5AE45 /* twitterUITests.swift in Sources */,
			);
			runOnlyForDeploymentPostprocessing = 0;
		};
/* End PBXSourcesBuildPhase section */

/* Begin PBXTargetDependency section */
		22B710231F87FC1B00C5AE45 /* PBXTargetDependency */ = {
			isa = PBXTargetDependency;
			target = 22B7100C1F87FC1A00C5AE45 /* twitter */;
			targetProxy = 22B710221F87FC1B00C5AE45 /* PBXContainerItemProxy */;
		};
		22B7102E1F87FC1B00C5AE45 /* PBXTargetDependency */ = {
			isa = PBXTargetDependency;
			target = 22B7100C1F87FC1A00C5AE45 /* twitter */;
			targetProxy = 22B7102D1F87FC1B00C5AE45 /* PBXContainerItemProxy */;
		};
/* End PBXTargetDependency section */

/* Begin PBXVariantGroup section */
		22B710141F87FC1A00C5AE45 /* Main.storyboard */ = {
			isa = PBXVariantGroup;
			children = (
				22B710151F87FC1A00C5AE45 /* Base */,
			);
			name = Main.storyboard;
			sourceTree = "<group>";
		};
		22B710191F87FC1A00C5AE45 /* LaunchScreen.storyboard */ = {
			isa = PBXVariantGroup;
			children = (
				22B7101A1F87FC1A00C5AE45 /* Base */,
			);
			name = LaunchScreen.storyboard;
			sourceTree = "<group>";
		};
/* End PBXVariantGroup section */

/* Begin XCBuildConfiguration section */
		22B710331F87FC1B00C5AE45 /* Debug */ = {
			isa = XCBuildConfiguration;
			buildSettings = {
				ALWAYS_SEARCH_USER_PATHS = NO;
				CLANG_ANALYZER_NONNULL = YES;
				CLANG_ANALYZER_NUMBER_OBJECT_CONVERSION = YES_AGGRESSIVE;
				CLANG_CXX_LANGUAGE_STANDARD = "gnu++0x";
				CLANG_CXX_LIBRARY = "libc++";
				CLANG_ENABLE_MODULES = YES;
				CLANG_ENABLE_OBJC_ARC = YES;
				CLANG_WARN_BOOL_CONVERSION = YES;
				CLANG_WARN_CONSTANT_CONVERSION = YES;
				CLANG_WARN_DIRECT_OBJC_ISA_USAGE = YES_ERROR;
				CLANG_WARN_DOCUMENTATION_COMMENTS = YES;
				CLANG_WARN_EMPTY_BODY = YES;
				CLANG_WARN_ENUM_CONVERSION = YES;
				CLANG_WARN_INFINITE_RECURSION = YES;
				CLANG_WARN_INT_CONVERSION = YES;
				CLANG_WARN_OBJC_ROOT_CLASS = YES_ERROR;
				CLANG_WARN_SUSPICIOUS_MOVE = YES;
				CLANG_WARN_UNREACHABLE_CODE = YES;
				CLANG_WARN__DUPLICATE_METHOD_MATCH = YES;
				"CODE_SIGN_IDENTITY[sdk=iphoneos*]" = "iPhone Developer";
				COPY_PHASE_STRIP = NO;
				DEBUG_INFORMATION_FORMAT = dwarf;
				ENABLE_STRICT_OBJC_MSGSEND = YES;
				ENABLE_TESTABILITY = YES;
				GCC_C_LANGUAGE_STANDARD = gnu99;
				GCC_DYNAMIC_NO_PIC = NO;
				GCC_NO_COMMON_BLOCKS = YES;
				GCC_OPTIMIZATION_LEVEL = 0;
				GCC_PREPROCESSOR_DEFINITIONS = (
					"DEBUG=1",
					"$(inherited)",
				);
				GCC_WARN_64_TO_32_BIT_CONVERSION = YES;
				GCC_WARN_ABOUT_RETURN_TYPE = YES_ERROR;
				GCC_WARN_UNDECLARED_SELECTOR = YES;
				GCC_WARN_UNINITIALIZED_AUTOS = YES_AGGRESSIVE;
				GCC_WARN_UNUSED_FUNCTION = YES;
				GCC_WARN_UNUSED_VARIABLE = YES;
				IPHONEOS_DEPLOYMENT_TARGET = 10.3;
				MTL_ENABLE_DEBUG_INFO = YES;
				ONLY_ACTIVE_ARCH = YES;
				SDKROOT = iphoneos;
				SWIFT_ACTIVE_COMPILATION_CONDITIONS = DEBUG;
				SWIFT_OPTIMIZATION_LEVEL = "-Onone";
				TARGETED_DEVICE_FAMILY = "1,2";
			};
			name = Debug;
		};
		22B710341F87FC1B00C5AE45 /* Release */ = {
			isa = XCBuildConfiguration;
			buildSettings = {
				ALWAYS_SEARCH_USER_PATHS = NO;
				CLANG_ANALYZER_NONNULL = YES;
				CLANG_ANALYZER_NUMBER_OBJECT_CONVERSION = YES_AGGRESSIVE;
				CLANG_CXX_LANGUAGE_STANDARD = "gnu++0x";
				CLANG_CXX_LIBRARY = "libc++";
				CLANG_ENABLE_MODULES = YES;
				CLANG_ENABLE_OBJC_ARC = YES;
				CLANG_WARN_BOOL_CONVERSION = YES;
				CLANG_WARN_CONSTANT_CONVERSION = YES;
				CLANG_WARN_DIRECT_OBJC_ISA_USAGE = YES_ERROR;
				CLANG_WARN_DOCUMENTATION_COMMENTS = YES;
				CLANG_WARN_EMPTY_BODY = YES;
				CLANG_WARN_ENUM_CONVERSION = YES;
				CLANG_WARN_INFINITE_RECURSION = YES;
				CLANG_WARN_INT_CONVERSION = YES;
				CLANG_WARN_OBJC_ROOT_CLASS = YES_ERROR;
				CLANG_WARN_SUSPICIOUS_MOVE = YES;
				CLANG_WARN_UNREACHABLE_CODE = YES;
				CLANG_WARN__DUPLICATE_METHOD_MATCH = YES;
				"CODE_SIGN_IDENTITY[sdk=iphoneos*]" = "iPhone Developer";
				COPY_PHASE_STRIP = NO;
				DEBUG_INFORMATION_FORMAT = "dwarf-with-dsym";
				ENABLE_NS_ASSERTIONS = NO;
				ENABLE_STRICT_OBJC_MSGSEND = YES;
				GCC_C_LANGUAGE_STANDARD = gnu99;
				GCC_NO_COMMON_BLOCKS = YES;
				GCC_WARN_64_TO_32_BIT_CONVERSION = YES;
				GCC_WARN_ABOUT_RETURN_TYPE = YES_ERROR;
				GCC_WARN_UNDECLARED_SELECTOR = YES;
				GCC_WARN_UNINITIALIZED_AUTOS = YES_AGGRESSIVE;
				GCC_WARN_UNUSED_FUNCTION = YES;
				GCC_WARN_UNUSED_VARIABLE = YES;
				IPHONEOS_DEPLOYMENT_TARGET = 10.3;
				MTL_ENABLE_DEBUG_INFO = NO;
				SDKROOT = iphoneos;
				SWIFT_OPTIMIZATION_LEVEL = "-Owholemodule";
				TARGETED_DEVICE_FAMILY = "1,2";
				VALIDATE_PRODUCT = YES;
			};
			name = Release;
		};
		22B710361F87FC1B00C5AE45 /* Debug */ = {
			isa = XCBuildConfiguration;
			buildSettings = {
				ASSETCATALOG_COMPILER_APPICON_NAME = AppIcon;
				INFOPLIST_FILE = twitter/Info.plist;
				LD_RUNPATH_SEARCH_PATHS = "$(inherited) @executable_path/Frameworks";
				PRODUCT_BUNDLE_IDENTIFIER = appstore.twitter;
				PRODUCT_NAME = "$(TARGET_NAME)";
				SWIFT_VERSION = 3.0;
			};
			name = Debug;
		};
		22B710371F87FC1B00C5AE45 /* Release */ = {
			isa = XCBuildConfiguration;
			buildSettings = {
				ASSETCATALOG_COMPILER_APPICON_NAME = AppIcon;
				INFOPLIST_FILE = twitter/Info.plist;
				LD_RUNPATH_SEARCH_PATHS = "$(inherited) @executable_path/Frameworks";
				PRODUCT_BUNDLE_IDENTIFIER = appstore.twitter;
				PRODUCT_NAME = "$(TARGET_NAME)";
				SWIFT_VERSION = 3.0;
			};
			name = Release;
		};
		22B710391F87FC1B00C5AE45 /* Debug */ = {
			isa = XCBuildConfiguration;
			buildSettings = {
				ALWAYS_EMBED_SWIFT_STANDARD_LIBRARIES = YES;
				BUNDLE_LOADER = "$(TEST_HOST)";
				INFOPLIST_FILE = twitterTests/Info.plist;
				LD_RUNPATH_SEARCH_PATHS = "$(inherited) @executable_path/Frameworks @loader_path/Frameworks";
				PRODUCT_BUNDLE_IDENTIFIER = appstore.twitterTests;
				PRODUCT_NAME = "$(TARGET_NAME)";
				SWIFT_VERSION = 3.0;
				TEST_HOST = "$(BUILT_PRODUCTS_DIR)/twitter.app/twitter";
			};
			name = Debug;
		};
		22B7103A1F87FC1B00C5AE45 /* Release */ = {
			isa = XCBuildConfiguration;
			buildSettings = {
				ALWAYS_EMBED_SWIFT_STANDARD_LIBRARIES = YES;
				BUNDLE_LOADER = "$(TEST_HOST)";
				INFOPLIST_FILE = twitterTests/Info.plist;
				LD_RUNPATH_SEARCH_PATHS = "$(inherited) @executable_path/Frameworks @loader_path/Frameworks";
				PRODUCT_BUNDLE_IDENTIFIER = appstore.twitterTests;
				PRODUCT_NAME = "$(TARGET_NAME)";
				SWIFT_VERSION = 3.0;
				TEST_HOST = "$(BUILT_PRODUCTS_DIR)/twitter.app/twitter";
			};
			name = Release;
		};
		22B7103C1F87FC1B00C5AE45 /* Debug */ = {
			isa = XCBuildConfiguration;
			buildSettings = {
				ALWAYS_EMBED_SWIFT_STANDARD_LIBRARIES = YES;
				INFOPLIST_FILE = twitterUITests/Info.plist;
				LD_RUNPATH_SEARCH_PATHS = "$(inherited) @executable_path/Frameworks @loader_path/Frameworks";
				PRODUCT_BUNDLE_IDENTIFIER = appstore.twitterUITests;
				PRODUCT_NAME = "$(TARGET_NAME)";
				SWIFT_VERSION = 3.0;
				TEST_TARGET_NAME = twitter;
			};
			name = Debug;
		};
		22B7103D1F87FC1B00C5AE45 /* Release */ = {
			isa = XCBuildConfiguration;
			buildSettings = {
				ALWAYS_EMBED_SWIFT_STANDARD_LIBRARIES = YES;
				INFOPLIST_FILE = twitterUITests/Info.plist;
				LD_RUNPATH_SEARCH_PATHS = "$(inherited) @executable_path/Frameworks @loader_path/Frameworks";
				PRODUCT_BUNDLE_IDENTIFIER = appstore.twitterUITests;
				PRODUCT_NAME = "$(TARGET_NAME)";
				SWIFT_VERSION = 3.0;
				TEST_TARGET_NAME = twitter;
			};
			name = Release;
		};
/* End XCBuildConfiguration section */

/* Begin XCConfigurationList section */
		22B710081F87FC1900C5AE45 /* Build configuration list for PBXProject "twitter" */ = {
			isa = XCConfigurationList;
			buildConfigurations = (
				22B710331F87FC1B00C5AE45 /* Debug */,
				22B710341F87FC1B00C5AE45 /* Release */,
			);
			defaultConfigurationIsVisible = 0;
			defaultConfigurationName = Release;
		};
		22B710351F87FC1B00C5AE45 /* Build configuration list for PBXNativeTarget "twitter" */ = {
			isa = XCConfigurationList;
			buildConfigurations = (
				22B710361F87FC1B00C5AE45 /* Debug */,
				22B710371F87FC1B00C5AE45 /* Release */,
			);
			defaultConfigurationIsVisible = 0;
		};
		22B710381F87FC1B00C5AE45 /* Build configuration list for PBXNativeTarget "twitterTests" */ = {
			isa = XCConfigurationList;
			buildConfigurations = (
				22B710391F87FC1B00C5AE45 /* Debug */,
				22B7103A1F87FC1B00C5AE45 /* Release */,
			);
			defaultConfigurationIsVisible = 0;
		};
		22B7103B1F87FC1B00C5AE45 /* Build configuration list for PBXNativeTarget "twitterUITests" */ = {
			isa = XCConfigurationList;
			buildConfigurations = (
				22B7103C1F87FC1B00C5AE45 /* Debug */,
				22B7103D1F87FC1B00C5AE45 /* Release */,
			);
			defaultConfigurationIsVisible = 0;
		};
/* End XCConfigurationList section */
	};
	rootObject = 22B710051F87FC1900C5AE45 /* Project object */;
}
